
Microsoft Visual Studio Solution File, Format Version 12.00
# Visual Studio Version 17
VisualStudioVersion = 17.7.34003.232
MinimumVisualStudioVersion = 10.0.40219.1
Project("{FAE04EC0-301F-11D3-BF4B-00C04F79EFBC}") = "MobileAppClassLibrary", "MobileAppClassLibrary\MobileAppClassLibrary.csproj", "{151E8D8B-512E-4C69-A8B8-4235A76D1EE4}"
EndProject
Project("{FAE04EC0-301F-11D3-BF4B-00C04F79EFBC}") = "ApplicationCMCM", "ApplicationCMCM\ApplicationCMCM.csproj", "{066D605D-9EEF-462D-8A26-640BD44222B7}"
EndProject
Global
	GlobalSection(SolutionConfigurationPlatforms) = preSolution
		Debug|Any CPU = Debug|Any CPU
		Release|Any CPU = Release|Any CPU
	EndGlobalSection
	GlobalSection(ProjectConfigurationPlatforms) = postSolution
		{151E8D8B-512E-4C69-A8B8-4235A76D1EE4}.Debug|Any CPU.ActiveCfg = Debug|Any CPU
		{151E8D8B-512E-4C69-A8B8-4235A76D1EE4}.Debug|Any CPU.Build.0 = Debug|Any CPU
		{151E8D8B-512E-4C69-A8B8-4235A76D1EE4}.Release|Any CPU.ActiveCfg = Release|Any CPU
		{151E8D8B-512E-4C69-A8B8-4235A76D1EE4}.Release|Any CPU.Build.0 = Release|Any CPU
		{066D605D-9EEF-462D-8A26-640BD44222B7}.Debug|Any CPU.ActiveCfg = Debug|Any CPU
		{066D605D-9EEF-462D-8A26-640BD44222B7}.Debug|Any CPU.Build.0 = Debug|Any CPU
		{066D605D-9EEF-462D-8A26-640BD44222B7}.Debug|Any CPU.Deploy.0 = Debug|Any CPU
		{066D605D-9EEF-462D-8A26-640BD44222B7}.Release|Any CPU.ActiveCfg = Release|Any CPU
		{066D605D-9EEF-462D-8A26-640BD44222B7}.Release|Any CPU.Build.0 = Release|Any CPU
		{066D605D-9EEF-462D-8A26-640BD44222B7}.Release|Any CPU.Deploy.0 = Release|Any CPU
	EndGlobalSection
	GlobalSection(SolutionProperties) = preSolution
		HideSolutionNode = FALSE
	EndGlobalSection
	GlobalSection(ExtensibilityGlobals) = postSolution
		SolutionGuid = {46FD2C83-E9F8-473B-834B-BFB3E7B03E36}
	EndGlobalSection
EndGlobal
